// !$*UTF8*$!
{
	archiveVersion = 1;
	classes = {
	};
	objectVersion = 77;
	objects = {

/* Begin PBXBuildFile section */
		96B000D42F6E1A9C00B70D2B /* SwiftTerm in Frameworks */ = {isa = PBXBuildFile; productRef = 96B000D32F6E1A9C00B70D2B /* SwiftTerm */; };
		96B000D72F6E1B0000B70D2B /* CodeEditSourceEditor in Frameworks */ = {isa = PBXBuildFile; productRef = 96B000D62F6E1B0000B70D2B /* CodeEditSourceEditor */; };
		96B000D82F6E1C0000B70D2B /* gitdiff in Frameworks */ = {isa = PBXBuildFile; productRef = 96B000DA2F6E1C0000B70D2B /* gitdiff */; };
		96B0FCA32F6DC5A200B70D2B /* SwiftTerm in Frameworks */ = {isa = PBXBuildFile; productRef = 96B0FC5E2F6DB5AD00B70D2B /* SwiftTerm */; };
/* End PBXBuildFile section */

/* Begin PBXContainerItemProxy section */
		96B0FC412F6DB5AC00B70D2B /* PBXContainerItemProxy */ = {
			isa = PBXContainerItemProxy;
			containerPortal = 96B0FC292F6DB5AB00B70D2B /* Project object */;
			proxyType = 1;
			remoteGlobalIDString = 96B0FC302F6DB5AB00B70D2B;
			remoteInfo = ChatSessions;
		};
		96B0FC4B2F6DB5AC00B70D2B /* PBXContainerItemProxy */ = {
			isa = PBXContainerItemProxy;
			containerPortal = 96B0FC292F6DB5AB00B70D2B /* Project object */;
			proxyType = 1;
			remoteGlobalIDString = 96B0FC302F6DB5AB00B70D2B;
			remoteInfo = ChatSessions;
		};
/* End PBXContainerItemProxy section */

/* Begin PBXFileReference section */
		96B0FC312F6DB5AB00B70D2B /* ChatSessions.app */ = {isa = PBXFileReference; explicitFileType = wrapper.application; includeInIndex = 0; path = ChatSessions.app; sourceTree = BUILT_PRODUCTS_DIR; };
		96B0FC402F6DB5AC00B70D2B /* ChatSessionsTests.xctest */ = {isa = PBXFileReference; explicitFileType = wrapper.cfbundle; includeInIndex = 0; path = ChatSessionsTests.xctest; sourceTree = BUILT_PRODUCTS_DIR; };
		96B0FC4A2F6DB5AC00B70D2B /* ChatSessionsUITests.xctest */ = {isa = PBXFileReference; explicitFileType = wrapper.cfbundle; includeInIndex = 0; path = ChatSessionsUITests.xctest; sourceTree = BUILT_PRODUCTS_DIR; };
/* End PBXFileReference section */

/* Begin PBXFileSystemSynchronizedRootGroup section */
		96B0FC332F6DB5AB00B70D2B /* ChatSessions */ = {
			isa = PBXFileSystemSynchronizedRootGroup;
			path = ChatSessions;
			sourceTree = "<group>";
		};
		96B0FC432F6DB5AC00B70D2B /* ChatSessionsTests */ = {
			isa = PBXFileSystemSynchronizedRootGroup;
			path = ChatSessionsTests;
			sourceTree = "<group>";
		};
		96B0FC4D2F6DB5AC00B70D2B /* ChatSessionsUITests */ = {
			isa = PBXFileSystemSynchronizedRootGroup;
			path = ChatSessionsUITests;
			sourceTree = "<group>";
		};
/* End PBXFileSystemSynchronizedRootGroup section */

/* Begin PBXFrameworksBuildPhase section */
		96B0FC2E2F6DB5AB00B70D2B /* Frameworks */ = {
			isa = PBXFrameworksBuildPhase;
			buildActionMask = 2147483647;
			files = (
				96B000D42F6E1A9C00B70D2B /* SwiftTerm in Frameworks */,
				96B000D72F6E1B0000B70D2B /* CodeEditSourceEditor in Frameworks */,
				96B000D82F6E1C0000B70D2B /* gitdiff in Frameworks */,
				96B0FCA32F6DC5A200B70D2B /* SwiftTerm in Frameworks */,
			);
			runOnlyForDeploymentPostprocessing = 0;
		};
		96B0FC3D2F6DB5AC00B70D2B /* Frameworks */ = {
			isa = PBXFrameworksBuildPhase;
			buildActionMask = 2147483647;
			files = (
			);
			runOnlyForDeploymentPostprocessing = 0;
		};
		96B0FC472F6DB5AC00B70D2B /* Frameworks */ = {
			isa = PBXFrameworksBuildPhase;
			buildActionMask = 2147483647;
			files = (
			);
			runOnlyForDeploymentPostprocessing = 0;
		};
/* End PBXFrameworksBuildPhase section */

/* Begin PBXGroup section */
		96B0FC282F6DB5AB00B70D2B = {
			isa = PBXGroup;
			children = (
				96B0FC332F6DB5AB00B70D2B /* ChatSessions */,
				96B0FC432F6DB5AC00B70D2B /* ChatSessionsTests */,
				96B0FC4D2F6DB5AC00B70D2B /* ChatSessionsUITests */,
				96B0FC322F6DB5AB00B70D2B /* Products */,
			);
			sourceTree = "<group>";
		};
		96B0FC322F6DB5AB00B70D2B /* Products */ = {
			isa = PBXGroup;
			children = (
				96B0FC312F6DB5AB00B70D2B /* ChatSessions.app */,
				96B0FC402F6DB5AC00B70D2B /* ChatSessionsTests.xctest */,
				96B0FC4A2F6DB5AC00B70D2B /* ChatSessionsUITests.xctest */,
			);
			name = Products;
			sourceTree = "<group>";
		};
/* End PBXGroup section */

/* Begin PBXNativeTarget section */
		96B0FC302F6DB5AB00B70D2B /* ChatSessions */ = {
			isa = PBXNativeTarget;
			buildConfigurationList = 96B0FC542F6DB5AC00B70D2B /* Build configuration list for PBXNativeTarget "ChatSessions" */;
			buildPhases = (
				96B0FC2D2F6DB5AB00B70D2B /* Sources */,
				96B0FC2E2F6DB5AB00B70D2B /* Frameworks */,
				96B0FC2F2F6DB5AB00B70D2B /* Resources */,
			);
			buildRules = (
			);
			dependencies = (
			);
			fileSystemSynchronizedGroups = (
				96B0FC332F6DB5AB00B70D2B /* ChatSessions */,
			);
			name = ChatSessions;
			packageProductDependencies = (
				96B0FC5E2F6DB5AD00B70D2B /* SwiftTerm */,
				96B000D32F6E1A9C00B70D2B /* SwiftTerm */,
				96B000D62F6E1B0000B70D2B /* CodeEditSourceEditor */,
				96B000DA2F6E1C0000B70D2B /* gitdiff */,
			);
			productName = ChatSessions;
			productReference = 96B0FC312F6DB5AB00B70D2B /* ChatSessions.app */;
			productType = "com.apple.product-type.application";
		};
		96B0FC3F2F6DB5AC00B70D2B /* ChatSessionsTests */ = {
			isa = PBXNativeTarget;
			buildConfigurationList = 96B0FC572F6DB5AC00B70D2B /* Build configuration list for PBXNativeTarget "ChatSessionsTests" */;
			buildPhases = (
				96B0FC3C2F6DB5AC00B70D2B /* Sources */,
				96B0FC3D2F6DB5AC00B70D2B /* Frameworks */,
				96B0FC3E2F6DB5AC00B70D2B /* Resources */,
			);
			buildRules = (
			);
			dependencies = (
				96B0FC422F6DB5AC00B70D2B /* PBXTargetDependency */,
			);
			fileSystemSynchronizedGroups = (
				96B0FC432F6DB5AC00B70D2B /* ChatSessionsTests */,
			);
			name = ChatSessionsTests;
			packageProductDependencies = (
			);
			productName = ChatSessionsTests;
			productReference = 96B0FC402F6DB5AC00B70D2B /* ChatSessionsTests.xctest */;
			productType = "com.apple.product-type.bundle.unit-test";
		};
		96B0FC492F6DB5AC00B70D2B /* ChatSessionsUITests */ = {
			isa = PBXNativeTarget;
			buildConfigurationList = 96B0FC5A2F6DB5AC00B70D2B /* Build configuration list for PBXNativeTarget "ChatSessionsUITests" */;
			buildPhases = (
				96B0FC462F6DB5AC00B70D2B /* Sources */,
				96B0FC472F6DB5AC00B70D2B /* Frameworks */,
				96B0FC482F6DB5AC00B70D2B /* Resources */,
			);
			buildRules = (
			);
			dependencies = (
				96B0FC4C2F6DB5AC00B70D2B /* PBXTargetDependency */,
			);
			fileSystemSynchronizedGroups = (
				96B0FC4D2F6DB5AC00B70D2B /* ChatSessionsUITests */,
			);
			name = ChatSessionsUITests;
			packageProductDependencies = (
			);
			productName = ChatSessionsUITests;
			productReference = 96B0FC4A2F6DB5AC00B70D2B /* ChatSessionsUITests.xctest */;
			productType = "com.apple.product-type.bundle.ui-testing";
		};
/* End PBXNativeTarget section */

/* Begin PBXProject section */
		96B0FC292F6DB5AB00B70D2B /* Project object */ = {
			isa = PBXProject;
			attributes = {
				BuildIndependentTargetsInParallel = 1;
				LastSwiftUpdateCheck = 2630;
				LastUpgradeCheck = 2630;
				TargetAttributes = {
					96B0FC302F6DB5AB00B70D2B = {
						CreatedOnToolsVersion = 26.3;
					};
					96B0FC3F2F6DB5AC00B70D2B = {
						CreatedOnToolsVersion = 26.3;
						TestTargetID = 96B0FC302F6DB5AB00B70D2B;
					};
					96B0FC492F6DB5AC00B70D2B = {
						CreatedOnToolsVersion = 26.3;
						TestTargetID = 96B0FC302F6DB5AB00B70D2B;
					};
				};
			};
			buildConfigurationList = 96B0FC2C2F6DB5AB00B70D2B /* Build configuration list for PBXProject "ChatSessions" */;
			developmentRegion = en;
			hasScannedForEncodings = 0;
			knownRegions = (
				en,
				Base,
			);
			mainGroup = 96B0FC282F6DB5AB00B70D2B;
			minimizedProjectReferenceProxies = 1;
			packageReferences = (
				96B000D22F6E1A9C00B70D2B /* XCRemoteSwiftPackageReference "SwiftTerm" */,
				96B000D52F6E1B0000B70D2B /* XCRemoteSwiftPackageReference "CodeEditSourceEditor" */,
				96B000D92F6E1C0000B70D2B /* XCRemoteSwiftPackageReference "gitdiff" */,
			);
			preferredProjectObjectVersion = 77;
			productRefGroup = 96B0FC322F6DB5AB00B70D2B /* Products */;
			projectDirPath = "";
			projectRoot = "";
			targets = (
				96B0FC302F6DB5AB00B70D2B /* ChatSessions */,
				96B0FC3F2F6DB5AC00B70D2B /* ChatSessionsTests */,
				96B0FC492F6DB5AC00B70D2B /* ChatSessionsUITests */,
			);
		};
/* End PBXProject section */

/* Begin PBXResourcesBuildPhase section */
		96B0FC2F2F6DB5AB00B70D2B /* Resources */ = {
			isa = PBXResourcesBuildPhase;
			buildActionMask = 2147483647;
			files = (
			);
			runOnlyForDeploymentPostprocessing = 0;
		};
		96B0FC3E2F6DB5AC00B70D2B /* Resources */ = {
			isa = PBXResourcesBuildPhase;
			buildActionMask = 2147483647;
			files = (
			);
			runOnlyForDeploymentPostprocessing = 0;
		};
		96B0FC482F6DB5AC00B70D2B /* Resources */ = {
			isa = PBXResourcesBuildPhase;
			buildActionMask = 2147483647;
			files = (
			);
			runOnlyForDeploymentPostprocessing = 0;
		};
/* End PBXResourcesBuildPhase section */

/* Begin PBXSourcesBuildPhase section */
		96B0FC2D2F6DB5AB00B70D2B /* Sources */ = {
			isa = PBXSourcesBuildPhase;
			buildActionMask = 2147483647;
			files = (
			);
			runOnlyForDeploymentPostprocessing = 0;
		};
		96B0FC3C2F6DB5AC00B70D2B /* Sources */ = {
			isa = PBXSourcesBuildPhase;
			buildActionMask = 2147483647;
			files = (
			);
			runOnlyForDeploymentPostprocessing = 0;
		};
		96B0FC462F6DB5AC00B70D2B /* Sources */ = {
			isa = PBXSourcesBuildPhase;
			buildActionMask = 2147483647;
			files = (
			);
			runOnlyForDeploymentPostprocessing = 0;
		};
/* End PBXSourcesBuildPhase section */

/* Begin PBXTargetDependency section */
		96B0FC422F6DB5AC00B70D2B /* PBXTargetDependency */ = {
			isa = PBXTargetDependency;
			target = 96B0FC302F6DB5AB00B70D2B /* ChatSessions */;
			targetProxy = 96B0FC412F6DB5AC00B70D2B /* PBXContainerItemProxy */;
		};
		96B0FC4C2F6DB5AC00B70D2B /* PBXTargetDependency */ = {
			isa = PBXTargetDependency;
			target = 96B0FC302F6DB5AB00B70D2B /* ChatSessions */;
			targetProxy = 96B0FC4B2F6DB5AC00B70D2B /* PBXContainerItemProxy */;
		};
/* End PBXTargetDependency section */

/* Begin XCBuildConfiguration section */
		96B0FC522F6DB5AC00B70D2B /* Debug */ = {
			isa = XCBuildConfiguration;
			buildSettings = {
				ALWAYS_SEARCH_USER_PATHS = NO;
				ASSETCATALOG_COMPILER_GENERATE_SWIFT_ASSET_SYMBOL_EXTENSIONS = YES;
				CLANG_ANALYZER_NONNULL = YES;
				CLANG_ANALYZER_NUMBER_OBJECT_CONVERSION = YES_AGGRESSIVE;
				CLANG_CXX_LANGUAGE_STANDARD = "gnu++20";
				CLANG_ENABLE_MODULES = YES;
				CLANG_ENABLE_OBJC_ARC = YES;
				CLANG_ENABLE_OBJC_WEAK = YES;
				CLANG_WARN_BLOCK_CAPTURE_AUTORELEASING = YES;
				CLANG_WARN_BOOL_CONVERSION = YES;
				CLANG_WARN_COMMA = YES;
				CLANG_WARN_CONSTANT_CONVERSION = YES;
				CLANG_WARN_DEPRECATED_OBJC_IMPLEMENTATIONS = YES;
				CLANG_WARN_DIRECT_OBJC_ISA_USAGE = YES_ERROR;
				CLANG_WARN_DOCUMENTATION_COMMENTS = YES;
				CLANG_WARN_EMPTY_BODY = YES;
				CLANG_WARN_ENUM_CONVERSION = YES;
				CLANG_WARN_INFINITE_RECURSION = YES;
				CLANG_WARN_INT_CONVERSION = YES;
				CLANG_WARN_NON_LITERAL_NULL_CONVERSION = YES;
				CLANG_WARN_OBJC_IMPLICIT_RETAIN_SELF = YES;
				CLANG_WARN_OBJC_LITERAL_CONVERSION = YES;
				CLANG_WARN_OBJC_ROOT_CLASS = YES_ERROR;
				CLANG_WARN_QUOTED_INCLUDE_IN_FRAMEWORK_HEADER = YES;
				CLANG_WARN_RANGE_LOOP_ANALYSIS = YES;
				CLANG_WARN_STRICT_PROTOTYPES = YES;
				CLANG_WARN_SUSPICIOUS_MOVE = YES;
				CLANG_WARN_UNGUARDED_AVAILABILITY = YES_AGGRESSIVE;
				CLANG_WARN_UNREACHABLE_CODE = YES;
				CLANG_WARN__DUPLICATE_METHOD_MATCH = YES;
				COPY_PHASE_STRIP = NO;
				DEBUG_INFORMATION_FORMAT = dwarf;
				ENABLE_STRICT_OBJC_MSGSEND = YES;
				ENABLE_TESTABILITY = YES;
				ENABLE_USER_SCRIPT_SANDBOXING = YES;
				GCC_C_LANGUAGE_STANDARD = gnu17;
				GCC_DYNAMIC_NO_PIC = NO;
				GCC_NO_COMMON_BLOCKS = YES;
				GCC_OPTIMIZATION_LEVEL = 0;
				GCC_PREPROCESSOR_DEFINITIONS = (
					"DEBUG=1",
					"$(inherited)",
				);
				GCC_WARN_64_TO_32_BIT_CONVERSION = YES;
				GCC_WARN_ABOUT_RETURN_TYPE = YES_ERROR;
				GCC_WARN_UNDECLARED_SELECTOR = YES;
				GCC_WARN_UNINITIALIZED_AUTOS = YES_AGGRESSIVE;
				GCC_WARN_UNUSED_FUNCTION = YES;
				GCC_WARN_UNUSED_VARIABLE = YES;
				LOCALIZATION_PREFERS_STRING_CATALOGS = YES;
				MACOSX_DEPLOYMENT_TARGET = 26.2;
				MTL_ENABLE_DEBUG_INFO = INCLUDE_SOURCE;
				MTL_FAST_MATH = YES;
				ONLY_ACTIVE_ARCH = YES;
				SDKROOT = macosx;
				SWIFT_ACTIVE_COMPILATION_CONDITIONS = "DEBUG $(inherited)";
				SWIFT_OPTIMIZATION_LEVEL = "-Onone";
			};
			name = Debug;
		};
		96B0FC532F6DB5AC00B70D2B /* Release */ = {
			isa = XCBuildConfiguration;
			buildSettings = {
				ALWAYS_SEARCH_USER_PATHS = NO;
				ASSETCATALOG_COMPILER_GENERATE_SWIFT_ASSET_SYMBOL_EXTENSIONS = YES;
				CLANG_ANALYZER_NONNULL = YES;
				CLANG_ANALYZER_NUMBER_OBJECT_CONVERSION = YES_AGGRESSIVE;
				CLANG_CXX_LANGUAGE_STANDARD = "gnu++20";
				CLANG_ENABLE_MODULES = YES;
				CLANG_ENABLE_OBJC_ARC = YES;
				CLANG_ENABLE_OBJC_WEAK = YES;
				CLANG_WARN_BLOCK_CAPTURE_AUTORELEASING = YES;
				CLANG_WARN_BOOL_CONVERSION = YES;
				CLANG_WARN_COMMA = YES;
				CLANG_WARN_CONSTANT_CONVERSION = YES;
				CLANG_WARN_DEPRECATED_OBJC_IMPLEMENTATIONS = YES;
				CLANG_WARN_DIRECT_OBJC_ISA_USAGE = YES_ERROR;
				CLANG_WARN_DOCUMENTATION_COMMENTS = YES;
				CLANG_WARN_EMPTY_BODY = YES;
				CLANG_WARN_ENUM_CONVERSION = YES;
				CLANG_WARN_INFINITE_RECURSION = YES;
				CLANG_WARN_INT_CONVERSION = YES;
				CLANG_WARN_NON_LITERAL_NULL_CONVERSION = YES;
				CLANG_WARN_OBJC_IMPLICIT_RETAIN_SELF = YES;
				CLANG_WARN_OBJC_LITERAL_CONVERSION = YES;
				CLANG_WARN_OBJC_ROOT_CLASS = YES_ERROR;
				CLANG_WARN_QUOTED_INCLUDE_IN_FRAMEWORK_HEADER = YES;
				CLANG_WARN_RANGE_LOOP_ANALYSIS = YES;
				CLANG_WARN_STRICT_PROTOTYPES = YES;
				CLANG_WARN_SUSPICIOUS_MOVE = YES;
				CLANG_WARN_UNGUARDED_AVAILABILITY = YES_AGGRESSIVE;
				CLANG_WARN_UNREACHABLE_CODE = YES;
				CLANG_WARN__DUPLICATE_METHOD_MATCH = YES;
				COPY_PHASE_STRIP = NO;
				DEBUG_INFORMATION_FORMAT = "dwarf-with-dsym";
				ENABLE_NS_ASSERTIONS = NO;
				ENABLE_STRICT_OBJC_MSGSEND = YES;
				ENABLE_USER_SCRIPT_SANDBOXING = YES;
				GCC_C_LANGUAGE_STANDARD = gnu17;
				GCC_NO_COMMON_BLOCKS = YES;
				GCC_WARN_64_TO_32_BIT_CONVERSION = YES;
				GCC_WARN_ABOUT_RETURN_TYPE = YES_ERROR;
				GCC_WARN_UNDECLARED_SELECTOR = YES;
				GCC_WARN_UNINITIALIZED_AUTOS = YES_AGGRESSIVE;
				GCC_WARN_UNUSED_FUNCTION = YES;
				GCC_WARN_UNUSED_VARIABLE = YES;
				LOCALIZATION_PREFERS_STRING_CATALOGS = YES;
				MACOSX_DEPLOYMENT_TARGET = 26.2;
				MTL_ENABLE_DEBUG_INFO = NO;
				MTL_FAST_MATH = YES;
				SDKROOT = macosx;
				SWIFT_COMPILATION_MODE = wholemodule;
			};
			name = Release;
		};
		96B0FC552F6DB5AC00B70D2B /* Debug */ = {
			isa = XCBuildConfiguration;
			buildSettings = {
				ASSETCATALOG_COMPILER_APPICON_NAME = AppIcon;
				ASSETCATALOG_COMPILER_GLOBAL_ACCENT_COLOR_NAME = AccentColor;
				CODE_SIGN_STYLE = Automatic;
				COMBINE_HIDPI_IMAGES = YES;
				CURRENT_PROJECT_VERSION = 1;
				DEVELOPMENT_TEAM = AWKHNRR4U2;
				ENABLE_APP_SANDBOX = NO;
				ENABLE_PREVIEWS = YES;
				ENABLE_USER_SELECTED_FILES = readonly;
				GENERATE_INFOPLIST_FILE = YES;
				INFOPLIST_KEY_LSMultipleInstancesProhibited = YES;
				INFOPLIST_KEY_NSHumanReadableCopyright = "";
				INFOPLIST_KEY_NSUserNotificationAlertStyle = alert;
				LD_RUNPATH_SEARCH_PATHS = (
					"$(inherited)",
					"@executable_path/../Frameworks",
				);
				MARKETING_VERSION = 1.0;
				PRODUCT_BUNDLE_IDENTIFIER = "com.kobizsky.claude-gui";
				PRODUCT_NAME = "$(TARGET_NAME)";
				REGISTER_APP_GROUPS = YES;
				STRING_CATALOG_GENERATE_SYMBOLS = YES;
				SWIFT_APPROACHABLE_CONCURRENCY = YES;
				SWIFT_DEFAULT_ACTOR_ISOLATION = MainActor;
				SWIFT_EMIT_LOC_STRINGS = YES;
				SWIFT_UPCOMING_FEATURE_MEMBER_IMPORT_VISIBILITY = YES;
				SWIFT_VERSION = 5.0;
			};
			name = Debug;
		};
		96B0FC562F6DB5AC00B70D2B /* Release */ = {
			isa = XCBuildConfiguration;
			buildSettings = {
				ASSETCATALOG_COMPILER_APPICON_NAME = AppIcon;
				ASSETCATALOG_COMPILER_GLOBAL_ACCENT_COLOR_NAME = AccentColor;
				CODE_SIGN_STYLE = Automatic;
				COMBINE_HIDPI_IMAGES = YES;
				CURRENT_PROJECT_VERSION = 1;
				DEVELOPMENT_TEAM = AWKHNRR4U2;
				ENABLE_APP_SANDBOX = NO;
				ENABLE_PREVIEWS = YES;
				ENABLE_USER_SELECTED_FILES = readonly;
				GENERATE_INFOPLIST_FILE = YES;
				INFOPLIST_KEY_LSMultipleInstancesProhibited = YES;
				INFOPLIST_KEY_NSHumanReadableCopyright = "";
				INFOPLIST_KEY_NSUserNotificationAlertStyle = alert;
				LD_RUNPATH_SEARCH_PATHS = (
					"$(inherited)",
					"@executable_path/../Frameworks",
				);
				MARKETING_VERSION = 1.0;
				PRODUCT_BUNDLE_IDENTIFIER = "com.kobizsky.claude-gui";
				PRODUCT_NAME = "$(TARGET_NAME)";
				REGISTER_APP_GROUPS = YES;
				STRING_CATALOG_GENERATE_SYMBOLS = YES;
				SWIFT_APPROACHABLE_CONCURRENCY = YES;
				SWIFT_DEFAULT_ACTOR_ISOLATION = MainActor;
				SWIFT_EMIT_LOC_STRINGS = YES;
				SWIFT_UPCOMING_FEATURE_MEMBER_IMPORT_VISIBILITY = YES;
				SWIFT_VERSION = 5.0;
			};
			name = Release;
		};
		96B0FC582F6DB5AC00B70D2B /* Debug */ = {
			isa = XCBuildConfiguration;
			buildSettings = {
				BUNDLE_LOADER = "$(TEST_HOST)";
				CODE_SIGN_STYLE = Automatic;
				CURRENT_PROJECT_VERSION = 1;
				GENERATE_INFOPLIST_FILE = YES;
				MACOSX_DEPLOYMENT_TARGET = 26.2;
				MARKETING_VERSION = 1.0;
				PRODUCT_BUNDLE_IDENTIFIER = com.kobizsky.ChatSessionsTests;
				PRODUCT_NAME = "$(TARGET_NAME)";
				STRING_CATALOG_GENERATE_SYMBOLS = NO;
				SWIFT_APPROACHABLE_CONCURRENCY = YES;
				SWIFT_EMIT_LOC_STRINGS = NO;
				SWIFT_UPCOMING_FEATURE_MEMBER_IMPORT_VISIBILITY = YES;
				SWIFT_VERSION = 5.0;
				TEST_HOST = "$(BUILT_PRODUCTS_DIR)/ChatSessions.app/$(BUNDLE_EXECUTABLE_FOLDER_PATH)/ChatSessions";
			};
			name = Debug;
		};
		96B0FC592F6DB5AC00B70D2B /* Release */ = {
			isa = XCBuildConfiguration;
			buildSettings = {
				BUNDLE_LOADER = "$(TEST_HOST)";
				CODE_SIGN_STYLE = Automatic;
				CURRENT_PROJECT_VERSION = 1;
				GENERATE_INFOPLIST_FILE = YES;
				MACOSX_DEPLOYMENT_TARGET = 26.2;
				MARKETING_VERSION = 1.0;
				PRODUCT_BUNDLE_IDENTIFIER = com.kobizsky.ChatSessionsTests;
				PRODUCT_NAME = "$(TARGET_NAME)";
				STRING_CATALOG_GENERATE_SYMBOLS = NO;
				SWIFT_APPROACHABLE_CONCURRENCY = YES;
				SWIFT_EMIT_LOC_STRINGS = NO;
				SWIFT_UPCOMING_FEATURE_MEMBER_IMPORT_VISIBILITY = YES;
				SWIFT_VERSION = 5.0;
				TEST_HOST = "$(BUILT_PRODUCTS_DIR)/ChatSessions.app/$(BUNDLE_EXECUTABLE_FOLDER_PATH)/ChatSessions";
			};
			name = Release;
		};
		96B0FC5B2F6DB5AC00B70D2B /* Debug */ = {
			isa = XCBuildConfiguration;
			buildSettings = {
				CODE_SIGN_STYLE = Automatic;
				CURRENT_PROJECT_VERSION = 1;
				GENERATE_INFOPLIST_FILE = YES;
				MARKETING_VERSION = 1.0;
				PRODUCT_BUNDLE_IDENTIFIER = com.kobizsky.ChatSessionsUITests;
				PRODUCT_NAME = "$(TARGET_NAME)";
				STRING_CATALOG_GENERATE_SYMBOLS = NO;
				SWIFT_APPROACHABLE_CONCURRENCY = YES;
				SWIFT_EMIT_LOC_STRINGS = NO;
				SWIFT_UPCOMING_FEATURE_MEMBER_IMPORT_VISIBILITY = YES;
				SWIFT_VERSION = 5.0;
				TEST_TARGET_NAME = ChatSessions;
			};
			name = Debug;
		};
		96B0FC5C2F6DB5AC00B70D2B /* Release */ = {
			isa = XCBuildConfiguration;
			buildSettings = {
				CODE_SIGN_STYLE = Automatic;
				CURRENT_PROJECT_VERSION = 1;
				GENERATE_INFOPLIST_FILE = YES;
				MARKETING_VERSION = 1.0;
				PRODUCT_BUNDLE_IDENTIFIER = com.kobizsky.ChatSessionsUITests;
				PRODUCT_NAME = "$(TARGET_NAME)";
				STRING_CATALOG_GENERATE_SYMBOLS = NO;
				SWIFT_APPROACHABLE_CONCURRENCY = YES;
				SWIFT_EMIT_LOC_STRINGS = NO;
				SWIFT_UPCOMING_FEATURE_MEMBER_IMPORT_VISIBILITY = YES;
				SWIFT_VERSION = 5.0;
				TEST_TARGET_NAME = ChatSessions;
			};
			name = Release;
		};
/* End XCBuildConfiguration section */

/* Begin XCConfigurationList section */
		96B0FC2C2F6DB5AB00B70D2B /* Build configuration list for PBXProject "ChatSessions" */ = {
			isa = XCConfigurationList;
			buildConfigurations = (
				96B0FC522F6DB5AC00B70D2B /* Debug */,
				96B0FC532F6DB5AC00B70D2B /* Release */,
			);
			defaultConfigurationIsVisible = 0;
			defaultConfigurationName = Release;
		};
		96B0FC542F6DB5AC00B70D2B /* Build configuration list for PBXNativeTarget "ChatSessions" */ = {
			isa = XCConfigurationList;
			buildConfigurations = (
				96B0FC552F6DB5AC00B70D2B /* Debug */,
				96B0FC562F6DB5AC00B70D2B /* Release */,
			);
			defaultConfigurationIsVisible = 0;
			defaultConfigurationName = Release;
		};
		96B0FC572F6DB5AC00B70D2B /* Build configuration list for PBXNativeTarget "ChatSessionsTests" */ = {
			isa = XCConfigurationList;
			buildConfigurations = (
				96B0FC582F6DB5AC00B70D2B /* Debug */,
				96B0FC592F6DB5AC00B70D2B /* Release */,
			);
			defaultConfigurationIsVisible = 0;
			defaultConfigurationName = Release;
		};
		96B0FC5A2F6DB5AC00B70D2B /* Build configuration list for PBXNativeTarget "ChatSessionsUITests" */ = {
			isa = XCConfigurationList;
			buildConfigurations = (
				96B0FC5B2F6DB5AC00B70D2B /* Debug */,
				96B0FC5C2F6DB5AC00B70D2B /* Release */,
			);
			defaultConfigurationIsVisible = 0;
			defaultConfigurationName = Release;
		};
/* End XCConfigurationList section */

/* Begin XCRemoteSwiftPackageReference section */
		96B000D22F6E1A9C00B70D2B /* XCRemoteSwiftPackageReference "SwiftTerm" */ = {
			isa = XCRemoteSwiftPackageReference;
			repositoryURL = "https://github.com/migueldeicaza/SwiftTerm.git";
			requirement = {
				kind = upToNextMajorVersion;
				minimumVersion = 1.0.0;
			};
		};
		96B000D52F6E1B0000B70D2B /* XCRemoteSwiftPackageReference "CodeEditSourceEditor" */ = {
			isa = XCRemoteSwiftPackageReference;
			repositoryURL = "https://github.com/CodeEditApp/CodeEditSourceEditor.git";
			requirement = {
				kind = upToNextMajorVersion;
				minimumVersion = 0.7.0;
			};
		};
		96B000D92F6E1C0000B70D2B /* XCRemoteSwiftPackageReference "gitdiff" */ = {
			isa = XCRemoteSwiftPackageReference;
			repositoryURL = "https://github.com/tornikegomareli/gitdiff.git";
			requirement = {
				kind = upToNextMinorVersion;
				minimumVersion = 0.0.7;
			};
		};
/* End XCRemoteSwiftPackageReference section */

/* Begin XCSwiftPackageProductDependency section */
		96B000D32F6E1A9C00B70D2B /* SwiftTerm */ = {
			isa = XCSwiftPackageProductDependency;
			package = 96B000D22F6E1A9C00B70D2B /* XCRemoteSwiftPackageReference "SwiftTerm" */;
			productName = SwiftTerm;
		};
		96B000D62F6E1B0000B70D2B /* CodeEditSourceEditor */ = {
			isa = XCSwiftPackageProductDependency;
			package = 96B000D52F6E1B0000B70D2B /* XCRemoteSwiftPackageReference "CodeEditSourceEditor" */;
			productName = CodeEditSourceEditor;
		};
		96B000DA2F6E1C0000B70D2B /* gitdiff */ = {
			isa = XCSwiftPackageProductDependency;
			package = 96B000D92F6E1C0000B70D2B /* XCRemoteSwiftPackageReference "gitdiff" */;
			productName = gitdiff;
		};
		96B0FC5E2F6DB5AD00B70D2B /* SwiftTerm */ = {
			isa = XCSwiftPackageProductDependency;
			package = 96B000D22F6E1A9C00B70D2B /* XCRemoteSwiftPackageReference "SwiftTerm" */;
			productName = SwiftTerm;
		};
/* End XCSwiftPackageProductDependency section */
	};
	rootObject = 96B0FC292F6DB5AB00B70D2B /* Project object */;
}
